
Microsoft Visual Studio Solution File, Format Version 12.00
# Visual Studio Version 17
VisualStudioVersion = 17.12.35527.113
MinimumVisualStudioVersion = 10.0.40219.1
Project("{FAE04EC0-301F-11D3-BF4B-00C04F79EFBC}") = "DxBlazorApplication1.Module", "DxBlazorApplication1.Module\DxBlazorApplication1.Module.csproj", "{BD09B245-E409-4F1C-99C7-DFBFCE394640}"
EndProject
Project("{FAE04EC0-301F-11D3-BF4B-00C04F79EFBC}") = "DxBlazorApplication1.Blazor.Server", "DxBlazorApplication1.Blazor.Server\DxBlazorApplication1.Blazor.Server.csproj", "{17C4A43E-4970-4ACF-95E8-B107E84B5B58}"
EndProject
Global
	GlobalSection(SolutionConfigurationPlatforms) = preSolution
		Debug|Any CPU = Debug|Any CPU
		EasyTest|Any CPU = EasyTest|Any CPU
		Release|Any CPU = Release|Any CPU
	EndGlobalSection
	GlobalSection(ProjectConfigurationPlatforms) = postSolution
		{BD09B245-E409-4F1C-99C7-DFBFCE394640}.Debug|Any CPU.ActiveCfg = Debug|Any CPU
		{BD09B245-E409-4F1C-99C7-DFBFCE394640}.Debug|Any CPU.Build.0 = Debug|Any CPU
		{BD09B245-E409-4F1C-99C7-DFBFCE394640}.EasyTest|Any CPU.ActiveCfg = EasyTest|Any CPU
		{BD09B245-E409-4F1C-99C7-DFBFCE394640}.EasyTest|Any CPU.Build.0 = EasyTest|Any CPU
		{BD09B245-E409-4F1C-99C7-DFBFCE394640}.Release|Any CPU.ActiveCfg = Release|Any CPU
		{BD09B245-E409-4F1C-99C7-DFBFCE394640}.Release|Any CPU.Build.0 = Release|Any CPU
		{17C4A43E-4970-4ACF-95E8-B107E84B5B58}.Debug|Any CPU.ActiveCfg = Debug|Any CPU
		{17C4A43E-4970-4ACF-95E8-B107E84B5B58}.Debug|Any CPU.Build.0 = Debug|Any CPU
		{17C4A43E-4970-4ACF-95E8-B107E84B5B58}.EasyTest|Any CPU.ActiveCfg = EasyTest|Any CPU
		{17C4A43E-4970-4ACF-95E8-B107E84B5B58}.EasyTest|Any CPU.Build.0 = EasyTest|Any CPU
		{17C4A43E-4970-4ACF-95E8-B107E84B5B58}.Release|Any CPU.ActiveCfg = Release|Any CPU
		{17C4A43E-4970-4ACF-95E8-B107E84B5B58}.Release|Any CPU.Build.0 = Release|Any CPU
	EndGlobalSection
	GlobalSection(SolutionProperties) = preSolution
		HideSolutionNode = FALSE
	EndGlobalSection
EndGlobal
